
Microsoft Visual Studio Solution File, Format Version 12.00
# Visual Studio Version 17
VisualStudioVersion = 17.8.34601.278
MinimumVisualStudioVersion = 10.0.40219.1
Project("{FAE04EC0-301F-11D3-BF4B-00C04F79EFBC}") = "WebAPIDatingAPP", "WebAPIDatingAPP\WebAPIDatingAPP.csproj", "{5B2E3D21-ABF8-4136-9AB9-030B1CBEDED7}"
EndProject
Global
	GlobalSection(SolutionConfigurationPlatforms) = preSolution
		Debug|Any CPU = Debug|Any CPU
		Release|Any CPU = Release|Any CPU
	EndGlobalSection
	GlobalSection(ProjectConfigurationPlatforms) = postSolution
		{5B2E3D21-ABF8-4136-9AB9-030B1CBEDED7}.Debug|Any CPU.ActiveCfg = Debug|Any CPU
		{5B2E3D21-ABF8-4136-9AB9-030B1CBEDED7}.Debug|Any CPU.Build.0 = Debug|Any CPU
		{5B2E3D21-ABF8-4136-9AB9-030B1CBEDED7}.Release|Any CPU.ActiveCfg = Release|Any CPU
		{5B2E3D21-ABF8-4136-9AB9-030B1CBEDED7}.Release|Any CPU.Build.0 = Release|Any CPU
	EndGlobalSection
	GlobalSection(SolutionProperties) = preSolution
		HideSolutionNode = FALSE
	EndGlobalSection
	GlobalSection(ExtensibilityGlobals) = postSolution
		SolutionGuid = {120E5BC7-5936-402F-99B4-7E2CF359E644}
	EndGlobalSection
EndGlobal
